{
  "name": "stylperjade",
  "version": "1.2.2",
  "dependencies": {
    "async": {
      "version": "1.2.0",
      "from": "async@^1.2.0"
    },
    "chalk": {
      "version": "1.0.0",
      "from": "chalk@^1.0.0",
      "dependencies": {
        "ansi-styles": {
          "version": "2.0.1",
          "from": "ansi-styles@^2.0.1"
        },
        "escape-string-regexp": {
          "version": "1.0.3",
          "from": "escape-string-regexp@^1.0.2"
        },
        "has-ansi": {
          "version": "1.0.3",
          "from": "has-ansi@^1.0.3",
          "dependencies": {
            "ansi-regex": {
              "version": "1.1.1",
              "from": "ansi-regex@^1.1.0"
            },
            "get-stdin": {
              "version": "4.0.1",
              "from": "get-stdin@^4.0.1"
            }
          }
        },
        "strip-ansi": {
          "version": "2.0.1",
          "from": "strip-ansi@^2.0.1",
          "dependencies": {
            "ansi-regex": {
              "version": "1.1.1",
              "from": "ansi-regex@^1.0.0"
            }
          }
        },
        "supports-color": {
          "version": "1.3.1",
          "from": "supports-color@^1.3.0"
        }
      }
    },
    "commander": {
      "version": "2.8.1",
      "from": "commander@^2.8.1",
      "dependencies": {
        "graceful-readlink": {
          "version": "1.0.1",
          "from": "graceful-readlink@>= 1.0.0"
        }
      }
    },
    "css": {
      "version": "2.2.0",
      "from": "css@^2.2.0",
      "dependencies": {
        "source-map": {
          "version": "0.1.43",
          "from": "source-map@^0.1.38",
          "dependencies": {
            "amdefine": {
              "version": "0.1.0",
              "from": "amdefine@>=0.0.4"
            }
          }
        },
        "urix": {
          "version": "0.1.0",
          "from": "urix@^0.1.0"
        },
        "inherits": {
          "version": "2.0.1",
          "from": "inherits@^2.0.1"
        }
      }
    },
    "css-selector-parser": {
      "version": "1.0.4",
      "from": "css-selector-parser@^1.0.4"
    },
    "glob": {
      "version": "5.0.10",
      "from": "glob@^5.0.6",
      "dependencies": {
        "inflight": {
          "version": "1.0.4",
          "from": "inflight@^1.0.4",
          "dependencies": {
            "wrappy": {
              "version": "1.0.1",
              "from": "wrappy@1"
            }
          }
        },
        "inherits": {
          "version": "2.0.1",
          "from": "inherits@^2.0.1"
        },
        "once": {
          "version": "1.3.2",
          "from": "once@^1.3.0",
          "dependencies": {
            "wrappy": {
              "version": "1.0.1",
              "from": "wrappy@1"
            }
          }
        },
        "path-is-absolute": {
          "version": "1.0.0",
          "from": "path-is-absolute@^1.0.0"
        }
      }
    },
    "jade-lexer": {
      "version": "0.0.7",
      "from": "jade-lexer@^0.0.7",
      "dependencies": {
        "character-parser": {
          "version": "1.2.2",
          "from": "character-parser@^1.2.1"
        }
      }
    },
    "jade-parser": {
      "version": "0.0.8",
      "from": "jade-parser@^0.0.8",
      "dependencies": {
        "token-stream": {
          "version": "0.0.1",
          "from": "token-stream@0.0.1"
        }
      }
    },
    "jade-walk": {
      "version": "0.0.2",
      "from": "jade-walk@^0.0.2"
    },
    "jsonminify": {
      "version": "0.2.3",
      "from": "jsonminify@^0.2.3"
    },
    "lodash": {
      "version": "3.9.3",
      "from": "lodash@^3.1.0"
    },
    "minimatch": {
      "version": "2.0.8",
      "from": "minimatch@^2.0.1",
      "dependencies": {
        "brace-expansion": {
          "version": "1.1.0",
          "from": "brace-expansion@^1.0.0",
          "dependencies": {
            "balanced-match": {
              "version": "0.2.0",
              "from": "balanced-match@^0.2.0"
            },
            "concat-map": {
              "version": "0.0.1",
              "from": "concat-map@0.0.1"
            }
          }
        }
      }
    },
    "multi-glob": {
      "version": "0.4.0",
      "from": "multi-glob@"
    },
    "source-map": {
      "version": "0.4.2",
      "from": "source-map@^0.4.1",
      "dependencies": {
        "amdefine": {
          "version": "0.1.0",
          "from": "amdefine@>=0.0.4"
        }
      }
    },
    "source-map-resolve": {
      "version": "0.3.1",
      "from": "source-map-resolve@^0.3.1",
      "dependencies": {
        "source-map-url": {
          "version": "0.3.0",
          "from": "source-map-url@~0.3.0"
        },
        "atob": {
          "version": "1.1.2",
          "from": "atob@~1.1.0"
        },
        "urix": {
          "version": "0.1.0",
          "from": "urix@~0.1.0"
        },
        "resolve-url": {
          "version": "0.2.1",
          "from": "resolve-url@~0.2.1"
        }
      }
    }
  }
}